{
  "version": 1,
  "dependencies": {
    "net10.0": {
      "Meziantou.Analyzer": {
        "type": "Direct",
        "requested": "[3.0.123, )",
        "resolved": "3.0.123",
        "contentHash": "maXbWokGTRWiBGqxxN2J1vEVGHFc6yWSjbyc0KkrJ78PcjkeWm3Y4PrKUH0tMcknpJvQkM4twMKrgSYZmRNbcQ=="
      },
      "Microsoft.DotNet.ILCompiler": {
        "type": "Direct",
        "requested": "[10.0.10, )",
        "resolved": "10.0.10",
        "contentHash": "tnG8ntt/Bk6odvHREnGLMo3PEiihy5iSlIFVp0JbIo00GKtNRt2k73eKZbPqR5yaJNIa3z8R86YLwbxfqpb17g=="
      },
      "Microsoft.Extensions.Http.Resilience": {
        "type": "Direct",
        "requested": "[10.8.0, )",
        "resolved": "10.8.0",
        "contentHash": "XtbZyYVxSNn1Aj2Z0PA8yauS12hPszTWDZ3GtZ5Vww7Ai3d8Pm841jMBnTvoTf1t9mRf3eSB38V5KUWxH6/4oQ==",
        "dependencies": {
          "Microsoft.Extensions.Http.Diagnostics": "10.8.0",
          "Microsoft.Extensions.Resilience": "10.8.0"
        }
      },
      "Microsoft.NET.ILLink.Tasks": {
        "type": "Direct",
        "requested": "[10.0.10, )",
        "resolved": "10.0.10",
        "contentHash": "f5VCIE7AJpd5YvzNTeMGVzQIgyE9tX+AreTYwQF+REbu+DZo/2Ae+jNSwhPEYrVz6RRkd7y8ubXjk6Nn6Ka+Cg=="
      },
      "NetEscapades.EnumGenerators.Interceptors": {
        "type": "Direct",
        "requested": "[1.0.0-beta21, )",
        "resolved": "1.0.0-beta21",
        "contentHash": "8+ttOIpxpdQaMPmbby3fBCoJViT2O5RVGZKbyUqzoXfstNF3sjFDRTZvwu8kN/qM8iUaRJ5x0bDneGlSofeW0A==",
        "dependencies": {
          "NetEscapades.EnumGenerators": "1.0.0-beta21"
        }
      },
      "Theodicean.UnfoldedCircle.Server": {
        "type": "Direct",
        "requested": "[0.0.12, )",
        "resolved": "0.0.12",
        "contentHash": "Tr5YpwN4qHOz2+b4AlUWMJ44Lsfcq9uWXB3TOWU5Qvh4Kpd4wydraWbfEr/7x7j4j2e/8hpqsiFTOANI726eqQ==",
        "dependencies": {
          "Theodicean.Makaretu.Dns.Multicast": "0.0.10",
          "Theodicean.UnfoldedCircle.Models": "0.0.12"
        }
      },
      "Microsoft.Extensions.AmbientMetadata.Application": {
        "type": "Transitive",
        "resolved": "10.8.0",
        "contentHash": "/FYCIyhRLrDwIg29tB/21/Rp7XMaEP/gWR5Cxyi4GgWcN/v/XXUpU52yhQux0s2SQy1Z0C1wnhptCMvLaaT45Q=="
      },
      "Microsoft.Extensions.Compliance.Abstractions": {
        "type": "Transitive",
        "resolved": "10.8.0",
        "contentHash": "7I0DXMTCqpXpXg+SLLDlfedtv6DN5Lgiv+PR3MclzqKPOHNB17YP42KMNI61ckSrffh0xsuIqQyCIjvWc6vUuw=="
      },
      "Microsoft.Extensions.DependencyInjection.AutoActivation": {
        "type": "Transitive",
        "resolved": "10.8.0",
        "contentHash": "LXwOAsnrflu2ln+Bxj7y3Zc/Pn4HquCCRzW81oOIuRsM8F75TxwA/ZpSFZ5E1+YkVpndz7BcHY4ThFSjjA4vbQ=="
      },
      "Microsoft.Extensions.Diagnostics.ExceptionSummarization": {
        "type": "Transitive",
        "resolved": "10.8.0",
        "contentHash": "tXmzwQeWgiycaLOtvSFnz0TPkJxXTyZrkwSVPTr83FgSiMj3BD/8eIbvrpGi5rzc2AgfKyegKo1ntJlJFey1Zg=="
      },
      "Microsoft.Extensions.Http.Diagnostics": {
        "type": "Transitive",
        "resolved": "10.8.0",
        "contentHash": "2pYnolFkigH7N6A5WHdGx93iZ8dIhrBnu4ZkjvB6RwbHzYmIy/iXVe12pdrViNDdeBSmKZ5FA9YP/xhwLT7q7A==",
        "dependencies": {
          "Microsoft.Extensions.Telemetry": "10.8.0"
        }
      },
      "Microsoft.Extensions.Resilience": {
        "type": "Transitive",
        "resolved": "10.8.0",
        "contentHash": "RH/gv0ZcCnQ3d30lxb8+T2o661TwZq/K5eMwp488goQLX1QYqWN3i8L8XlN9DhrqP2Zcf0EtsWaKpJO3yHDUTw==",
        "dependencies": {
          "Microsoft.Extensions.Diagnostics.ExceptionSummarization": "10.8.0",
          "Microsoft.Extensions.Telemetry.Abstractions": "10.8.0",
          "Polly.Extensions": "8.4.2",
          "Polly.RateLimiting": "8.4.2"
        }
      },
      "Microsoft.Extensions.Telemetry": {
        "type": "Transitive",
        "resolved": "10.8.0",
        "contentHash": "IIWjDZguUJt6yNld9J4V88xuOUzpC76wBwfnRJLRmacmyTTl9jA8+KP5PuHPi7CKz/Vk/q+lQYmobiopuzapzA==",
        "dependencies": {
          "Microsoft.Extensions.AmbientMetadata.Application": "10.8.0",
          "Microsoft.Extensions.DependencyInjection.AutoActivation": "10.8.0",
          "Microsoft.Extensions.Telemetry.Abstractions": "10.8.0"
        }
      },
      "Microsoft.Extensions.Telemetry.Abstractions": {
        "type": "Transitive",
        "resolved": "10.8.0",
        "contentHash": "XHlOerNKjVrPJqbuFi196tyFhS7eNMoPUC800xJmCGsSiruE/goGoKyBKzS1HeelAGnoFPFrS+LgNitXNeEYRQ==",
        "dependencies": {
          "Microsoft.Extensions.Compliance.Abstractions": "10.8.0"
        }
      },
      "NetEscapades.EnumGenerators": {
        "type": "Transitive",
        "resolved": "1.0.0-beta21",
        "contentHash": "GVhHFXkDBqzD96oc6sJGh9LQh+f50KvbwGxy+k5JuzIS8BHuTANo34tlJrv9T7jmofbucnE4pPhvPMu8dS0QUg==",
        "dependencies": {
          "NetEscapades.EnumGenerators.Generators": "1.0.0-beta21",
          "NetEscapades.EnumGenerators.RuntimeDependencies": "1.0.0-beta21"
        }
      },
      "NetEscapades.EnumGenerators.Generators": {
        "type": "Transitive",
        "resolved": "1.0.0-beta21",
        "contentHash": "hztPmuEjHzLqDM4gvXfRuaBAQt3EpRaduQoLW8jDxIk1lXuJwTGl+L5NTERx5WKyV3vDzQK9mDPwzA+E/R2xHA=="
      },
      "NetEscapades.EnumGenerators.RuntimeDependencies": {
        "type": "Transitive",
        "resolved": "1.0.0-beta21",
        "contentHash": "BYUQMIv1MFaFurVlxfyVFTTwwgMsfmGJLn2wiP77ZmegZ9WJbcRD+n62v4q2FOrBMPuP0W1bESASM1Wye/8sCw=="
      },
      "Polly.Core": {
        "type": "Transitive",
        "resolved": "8.4.2",
        "contentHash": "BpE2I6HBYYA5tF0Vn4eoQOGYTYIK1BlF5EXVgkWGn3mqUUjbXAr13J6fZVbp7Q3epRR8yshacBMlsHMhpOiV3g=="
      },
      "Polly.Extensions": {
        "type": "Transitive",
        "resolved": "8.4.2",
        "contentHash": "GZ9vRVmR0jV2JtZavt+pGUsQ1O1cuRKG7R7VOZI6ZDy9y6RNPvRvXK1tuS4ffUrv8L0FTea59oEuQzgS0R7zSA==",
        "dependencies": {
          "Polly.Core": "8.4.2"
        }
      },
      "Polly.RateLimiting": {
        "type": "Transitive",
        "resolved": "8.4.2",
        "contentHash": "ehTImQ/eUyO07VYW2WvwSmU9rRH200SKJ/3jku9rOkyWE0A2JxNFmAVms8dSn49QLSjmjFRRSgfNyOgr/2PSmA==",
        "dependencies": {
          "Polly.Core": "8.4.2"
        }
      },
      "Theodicean.Makaretu.Dns": {
        "type": "Transitive",
        "resolved": "0.0.10",
        "contentHash": "ucDb6lSJ2GCmNOgo35bsCYrncZrZGXwLIO2QJogVtot7uGMKY9tEZwTHuvONEOeBLo0XZ+V02JGE9lPTAgCvvQ=="
      },
      "Theodicean.Makaretu.Dns.Multicast": {
        "type": "Transitive",
        "resolved": "0.0.10",
        "contentHash": "smAMedMdEAfTR1BYqY+f7x3bxKr9ntg6ni4ej9YuJDq9MyckjdKEH3K8sGDATt50kxfcnSV6g5qoQu7Efk9qSw==",
        "dependencies": {
          "Theodicean.Makaretu.Dns": "0.0.10"
        }
      },
      "Theodicean.UnfoldedCircle.Models": {
        "type": "Transitive",
        "resolved": "0.0.12",
        "contentHash": "s49LbtkUrdHuoHMmooaf0En+FDkq4m36aJA0bLf+WPIvqyW59Y8kILTCxODzjWznglXslJN/gfuy/Z811l+y0Q=="
      }
    },
    "net10.0/linux-arm64": {
      "Microsoft.DotNet.ILCompiler": {
        "type": "Direct",
        "requested": "[10.0.10, )",
        "resolved": "10.0.10",
        "contentHash": "tnG8ntt/Bk6odvHREnGLMo3PEiihy5iSlIFVp0JbIo00GKtNRt2k73eKZbPqR5yaJNIa3z8R86YLwbxfqpb17g==",
        "dependencies": {
          "runtime.linux-arm64.Microsoft.DotNet.ILCompiler": "10.0.10"
        }
      },
      "runtime.linux-arm64.Microsoft.DotNet.ILCompiler": {
        "type": "Transitive",
        "resolved": "10.0.10",
        "contentHash": "FXDMdhzRF0cb0rBz3UTwE8yK7N/SGfleK7DSRpnqMdrJ5C05qoAtxvZoovZXzq2kqgPcE+6ryFcHq224HdOU0w=="
      }
    },
    "net10.0/linux-x64": {
      "Microsoft.DotNet.ILCompiler": {
        "type": "Direct",
        "requested": "[10.0.10, )",
        "resolved": "10.0.10",
        "contentHash": "tnG8ntt/Bk6odvHREnGLMo3PEiihy5iSlIFVp0JbIo00GKtNRt2k73eKZbPqR5yaJNIa3z8R86YLwbxfqpb17g==",
        "dependencies": {
          "runtime.linux-x64.Microsoft.DotNet.ILCompiler": "10.0.10"
        }
      },
      "runtime.linux-x64.Microsoft.DotNet.ILCompiler": {
        "type": "Transitive",
        "resolved": "10.0.10",
        "contentHash": "WRjSRBfv6A6UjgjO8EQuLe9xqdICpkQx1hACUziCw4B2uGL+2jVhkFLq/G7rxRr3MGvqLo9B+nNdfIJ/5CYN7A=="
      }
    },
    "net10.0/osx-arm64": {
      "Microsoft.DotNet.ILCompiler": {
        "type": "Direct",
        "requested": "[10.0.10, )",
        "resolved": "10.0.10",
        "contentHash": "tnG8ntt/Bk6odvHREnGLMo3PEiihy5iSlIFVp0JbIo00GKtNRt2k73eKZbPqR5yaJNIa3z8R86YLwbxfqpb17g==",
        "dependencies": {
          "runtime.osx-arm64.Microsoft.DotNet.ILCompiler": "10.0.10"
        }
      },
      "runtime.osx-arm64.Microsoft.DotNet.ILCompiler": {
        "type": "Transitive",
        "resolved": "10.0.10",
        "contentHash": "cY7edFqVviQMiSvPodJeLZhF6k56grh0QsvcR+2foAUgO0xXsMsVBQiHcZkeiIbhr+SPIklq90OZiJ7JVrc+Dg=="
      }
    },
    "net10.0/osx-x64": {
      "Microsoft.DotNet.ILCompiler": {
        "type": "Direct",
        "requested": "[10.0.10, )",
        "resolved": "10.0.10",
        "contentHash": "tnG8ntt/Bk6odvHREnGLMo3PEiihy5iSlIFVp0JbIo00GKtNRt2k73eKZbPqR5yaJNIa3z8R86YLwbxfqpb17g==",
        "dependencies": {
          "runtime.osx-x64.Microsoft.DotNet.ILCompiler": "10.0.10"
        }
      },
      "runtime.osx-x64.Microsoft.DotNet.ILCompiler": {
        "type": "Transitive",
        "resolved": "10.0.10",
        "contentHash": "DXe6/ieqrY1WDme/Ilv+VaQoGqxFgT+oQgdJuP++pyGMtjx/o/mWIjk0OldcRve4KUoVylx9f6meNSsE28Obug=="
      }
    },
    "net10.0/win-arm64": {
      "Microsoft.DotNet.ILCompiler": {
        "type": "Direct",
        "requested": "[10.0.10, )",
        "resolved": "10.0.10",
        "contentHash": "tnG8ntt/Bk6odvHREnGLMo3PEiihy5iSlIFVp0JbIo00GKtNRt2k73eKZbPqR5yaJNIa3z8R86YLwbxfqpb17g==",
        "dependencies": {
          "runtime.win-arm64.Microsoft.DotNet.ILCompiler": "10.0.10"
        }
      },
      "runtime.win-arm64.Microsoft.DotNet.ILCompiler": {
        "type": "Transitive",
        "resolved": "10.0.10",
        "contentHash": "d/QREDGqcO2gqWLL1V1oRpMXdp75yGZ1ULuJJXSaw7pn8/VTgkylM/7Vtkb0W/vrFe49Sq+yfoZQv8Bie5Tkww=="
      }
    },
    "net10.0/win-x64": {
      "Microsoft.DotNet.ILCompiler": {
        "type": "Direct",
        "requested": "[10.0.10, )",
        "resolved": "10.0.10",
        "contentHash": "tnG8ntt/Bk6odvHREnGLMo3PEiihy5iSlIFVp0JbIo00GKtNRt2k73eKZbPqR5yaJNIa3z8R86YLwbxfqpb17g==",
        "dependencies": {
          "runtime.win-x64.Microsoft.DotNet.ILCompiler": "10.0.10"
        }
      },
      "runtime.win-x64.Microsoft.DotNet.ILCompiler": {
        "type": "Transitive",
        "resolved": "10.0.10",
        "contentHash": "e5P00ObvdmAl49KkvGvqDLE5+EXu/IdXCDsLghgKFXKrNybyxMmH12HuGrsO7LTIGjXI58tyN3Hwxwr/MR0d8A=="
      }
    }
  }
}