{
  "version": 1,
  "dependencies": {
    "net10.0": {
      "Meziantou.Analyzer": {
        "type": "Direct",
        "requested": "[3.0.145, )",
        "resolved": "3.0.145",
        "contentHash": "hroF8Lc7RDaXkqtH1rSCa75oDngEH7k2gng7bxLCTVGHwyltDdhDUTRg98zu+OyE94wwq2EMbit462M11g7Pbg=="
      },
      "Microsoft.DotNet.ILCompiler": {
        "type": "Direct",
        "requested": "[10.0.11, )",
        "resolved": "10.0.11",
        "contentHash": "yloFUsIQOzspIsn2cDHrbgikKaWHAZspzj0EWxnWJJpFC89IBW64OXgCECsrrnzGWQvy1iLX9r5/R4zBf7Am3g=="
      },
      "Microsoft.Extensions.Http.Resilience": {
        "type": "Direct",
        "requested": "[10.9.0, )",
        "resolved": "10.9.0",
        "contentHash": "loWrGc0mZt6N91IV+PZQeNU4uvb2vHdKgU9pUo8i2SGix9edTNCVhwzBp3gWJeaXeoPMph6F9xXcXF4W2ePpRg==",
        "dependencies": {
          "Microsoft.Extensions.Http.Diagnostics": "10.9.0",
          "Microsoft.Extensions.Resilience": "10.9.0"
        }
      },
      "Microsoft.NET.ILLink.Tasks": {
        "type": "Direct",
        "requested": "[10.0.11, )",
        "resolved": "10.0.11",
        "contentHash": "IBf7lbovvjGWVWXZX5cJ/cO0WXbId0Zq4BuSeT94mGZuOAP66oMeH9PTBZ9Jpp3Jb6jtK0qm/NyUbPRo1gC/wQ=="
      },
      "NetEscapades.EnumGenerators.Interceptors": {
        "type": "Direct",
        "requested": "[1.0.0-beta21, )",
        "resolved": "1.0.0-beta21",
        "contentHash": "8+ttOIpxpdQaMPmbby3fBCoJViT2O5RVGZKbyUqzoXfstNF3sjFDRTZvwu8kN/qM8iUaRJ5x0bDneGlSofeW0A==",
        "dependencies": {
          "NetEscapades.EnumGenerators": "1.0.0-beta21"
        }
      },
      "Theodicean.UnfoldedCircle.Server": {
        "type": "Direct",
        "requested": "[0.0.18, )",
        "resolved": "0.0.18",
        "contentHash": "6zMws3Gw33/cAtEory1wZWl08SHKtZGh1ia4zYVmq3c8z0GlowhYcoJvP+xVM8rYQ5/mQWWyOSPcKGK8PD2TEQ==",
        "dependencies": {
          "Theodicean.Makaretu.Dns.Multicast": "0.0.14",
          "Theodicean.UnfoldedCircle.Models": "0.0.18"
        }
      },
      "Microsoft.Extensions.AmbientMetadata.Application": {
        "type": "Transitive",
        "resolved": "10.9.0",
        "contentHash": "BX45SeAjP6sz9Djg6Gm0/IruBuWkyUKxtr4pn9sLAuprnuRn+VBPZVH2XxpzbaT7cVCPim3+Dkijl6yhLHjBOw=="
      },
      "Microsoft.Extensions.Compliance.Abstractions": {
        "type": "Transitive",
        "resolved": "10.9.0",
        "contentHash": "tuSqNuiJxlln43sZ8c1EDA4WXit1eX4foGadylXso3DnMVc+DtKfaNEwvHuiFXfPsEUZ6Z3GnF0Bfk9vvOsE4Q=="
      },
      "Microsoft.Extensions.DependencyInjection.AutoActivation": {
        "type": "Transitive",
        "resolved": "10.9.0",
        "contentHash": "hO/IpudHBl+EMXm1Ag8+7ersCN7VuiR6ech1+cVk8I+o7ssPRKdTozIAO4HGPt49G/lY6lo7G2kY5Q00biMHew=="
      },
      "Microsoft.Extensions.Diagnostics.ExceptionSummarization": {
        "type": "Transitive",
        "resolved": "10.9.0",
        "contentHash": "Cyp36W6/XHD6sSDnbc6Ss7M+qOcjrer400Dx4Tfkb5OHcKV6bp9uMqZ4Y8PAoSwTfS8a/3lB9xCF+CLf0JGUig=="
      },
      "Microsoft.Extensions.Http.Diagnostics": {
        "type": "Transitive",
        "resolved": "10.9.0",
        "contentHash": "jxxGX3bUe0ZZFtkMaigIJG44aGK6toE0EFhQwPYfTGLHw4EgXgceO8+RAdXZakK4BezpeDhR//6cxqmtae0I9Q==",
        "dependencies": {
          "Microsoft.Extensions.Telemetry": "10.9.0"
        }
      },
      "Microsoft.Extensions.Resilience": {
        "type": "Transitive",
        "resolved": "10.9.0",
        "contentHash": "LXMTKZGNzs3fsjKytTVeIEdp+yssJon7PW3VbxERZeqALA2Za/AQzt2h6K64PZ2NzgfFnX4rCJp6aTe+ocX83A==",
        "dependencies": {
          "Microsoft.Extensions.Diagnostics.ExceptionSummarization": "10.9.0",
          "Microsoft.Extensions.Telemetry.Abstractions": "10.9.0",
          "Polly.Extensions": "8.4.2",
          "Polly.RateLimiting": "8.4.2"
        }
      },
      "Microsoft.Extensions.Telemetry": {
        "type": "Transitive",
        "resolved": "10.9.0",
        "contentHash": "RpV3VzPa1YoHqvE2Q4uOuVjioVJhLOhaz4FXIE3XAEvla4qujnM+wFB7QnTAmIJxlg7lbBslkIHJQzpI8yHDQQ==",
        "dependencies": {
          "Microsoft.Extensions.AmbientMetadata.Application": "10.9.0",
          "Microsoft.Extensions.DependencyInjection.AutoActivation": "10.9.0",
          "Microsoft.Extensions.Telemetry.Abstractions": "10.9.0"
        }
      },
      "Microsoft.Extensions.Telemetry.Abstractions": {
        "type": "Transitive",
        "resolved": "10.9.0",
        "contentHash": "rCyM64XvBNi2IY/5noMVsJjt22zVmnI+8tGrb6JnPRW/75Nyv9Hi+7gkxb7zQcR0+2mzS1sAqPXz2PsdHZCqHg==",
        "dependencies": {
          "Microsoft.Extensions.Compliance.Abstractions": "10.9.0"
        }
      },
      "NetEscapades.EnumGenerators": {
        "type": "Transitive",
        "resolved": "1.0.0-beta21",
        "contentHash": "GVhHFXkDBqzD96oc6sJGh9LQh+f50KvbwGxy+k5JuzIS8BHuTANo34tlJrv9T7jmofbucnE4pPhvPMu8dS0QUg==",
        "dependencies": {
          "NetEscapades.EnumGenerators.Generators": "1.0.0-beta21",
          "NetEscapades.EnumGenerators.RuntimeDependencies": "1.0.0-beta21"
        }
      },
      "NetEscapades.EnumGenerators.Generators": {
        "type": "Transitive",
        "resolved": "1.0.0-beta21",
        "contentHash": "hztPmuEjHzLqDM4gvXfRuaBAQt3EpRaduQoLW8jDxIk1lXuJwTGl+L5NTERx5WKyV3vDzQK9mDPwzA+E/R2xHA=="
      },
      "NetEscapades.EnumGenerators.RuntimeDependencies": {
        "type": "Transitive",
        "resolved": "1.0.0-beta21",
        "contentHash": "BYUQMIv1MFaFurVlxfyVFTTwwgMsfmGJLn2wiP77ZmegZ9WJbcRD+n62v4q2FOrBMPuP0W1bESASM1Wye/8sCw=="
      },
      "Polly.Core": {
        "type": "Transitive",
        "resolved": "8.4.2",
        "contentHash": "BpE2I6HBYYA5tF0Vn4eoQOGYTYIK1BlF5EXVgkWGn3mqUUjbXAr13J6fZVbp7Q3epRR8yshacBMlsHMhpOiV3g=="
      },
      "Polly.Extensions": {
        "type": "Transitive",
        "resolved": "8.4.2",
        "contentHash": "GZ9vRVmR0jV2JtZavt+pGUsQ1O1cuRKG7R7VOZI6ZDy9y6RNPvRvXK1tuS4ffUrv8L0FTea59oEuQzgS0R7zSA==",
        "dependencies": {
          "Polly.Core": "8.4.2"
        }
      },
      "Polly.RateLimiting": {
        "type": "Transitive",
        "resolved": "8.4.2",
        "contentHash": "ehTImQ/eUyO07VYW2WvwSmU9rRH200SKJ/3jku9rOkyWE0A2JxNFmAVms8dSn49QLSjmjFRRSgfNyOgr/2PSmA==",
        "dependencies": {
          "Polly.Core": "8.4.2"
        }
      },
      "Theodicean.Makaretu.Dns": {
        "type": "Transitive",
        "resolved": "0.0.14",
        "contentHash": "3i/Y4YB4yZVY1BTGcqj0b2mPWgHngxZplPPLHpXkcUmSOi43Rz7M/mzM6QhrjXkY36IOCVfVu2jBDEuMSGsBZQ=="
      },
      "Theodicean.Makaretu.Dns.Multicast": {
        "type": "Transitive",
        "resolved": "0.0.14",
        "contentHash": "WPfaSdgplhDq9HXOTh+AV/8OTqtJmJPxX28/n2znhoTFLd9d8jiDtB4NoKv/j15xmfyXPVR+5AGti7GPb4khvg==",
        "dependencies": {
          "Theodicean.Makaretu.Dns": "0.0.14"
        }
      },
      "Theodicean.UnfoldedCircle.Models": {
        "type": "Transitive",
        "resolved": "0.0.18",
        "contentHash": "X+a8EBV5BFjjPSlxGidvVPNmo9Z7F3f+MynQXeCBC3FwiSbAi4EL+uE2SPukNHRX6HZc+FzoCQ41cbuwAuUH+w=="
      }
    },
    "net10.0/linux-arm64": {
      "Microsoft.DotNet.ILCompiler": {
        "type": "Direct",
        "requested": "[10.0.11, )",
        "resolved": "10.0.11",
        "contentHash": "yloFUsIQOzspIsn2cDHrbgikKaWHAZspzj0EWxnWJJpFC89IBW64OXgCECsrrnzGWQvy1iLX9r5/R4zBf7Am3g==",
        "dependencies": {
          "runtime.linux-arm64.Microsoft.DotNet.ILCompiler": "10.0.11"
        }
      },
      "runtime.linux-arm64.Microsoft.DotNet.ILCompiler": {
        "type": "Transitive",
        "resolved": "10.0.11",
        "contentHash": "SlLhVljt2e2nIYTOqzNUBr6pjOiC5SjSQyTnORuz845gXUKa2zuRYim/MA+s/V66bcd3q26EumASTOYc8ttLew=="
      }
    },
    "net10.0/linux-x64": {
      "Microsoft.DotNet.ILCompiler": {
        "type": "Direct",
        "requested": "[10.0.11, )",
        "resolved": "10.0.11",
        "contentHash": "yloFUsIQOzspIsn2cDHrbgikKaWHAZspzj0EWxnWJJpFC89IBW64OXgCECsrrnzGWQvy1iLX9r5/R4zBf7Am3g==",
        "dependencies": {
          "runtime.linux-x64.Microsoft.DotNet.ILCompiler": "10.0.11"
        }
      },
      "runtime.linux-x64.Microsoft.DotNet.ILCompiler": {
        "type": "Transitive",
        "resolved": "10.0.11",
        "contentHash": "0lJviBev2CvBdrLhMCJ1hmwOKgjbk1ccRy+brEewywtK4TMft1WaVXv112j6OuTQg8ZMbnN/i3KRD3S6o4NJDw=="
      }
    },
    "net10.0/osx-arm64": {
      "Microsoft.DotNet.ILCompiler": {
        "type": "Direct",
        "requested": "[10.0.11, )",
        "resolved": "10.0.11",
        "contentHash": "yloFUsIQOzspIsn2cDHrbgikKaWHAZspzj0EWxnWJJpFC89IBW64OXgCECsrrnzGWQvy1iLX9r5/R4zBf7Am3g==",
        "dependencies": {
          "runtime.osx-arm64.Microsoft.DotNet.ILCompiler": "10.0.11"
        }
      },
      "runtime.osx-arm64.Microsoft.DotNet.ILCompiler": {
        "type": "Transitive",
        "resolved": "10.0.11",
        "contentHash": "4cxybmyqJI3zZIKkNM1Ft0aq6Q4q6b4SJ11Np5j9lrHHurfheI66dUshpZD/UEMjMqAdg9O03AABAYLYSUzwyw=="
      }
    },
    "net10.0/osx-x64": {
      "Microsoft.DotNet.ILCompiler": {
        "type": "Direct",
        "requested": "[10.0.11, )",
        "resolved": "10.0.11",
        "contentHash": "yloFUsIQOzspIsn2cDHrbgikKaWHAZspzj0EWxnWJJpFC89IBW64OXgCECsrrnzGWQvy1iLX9r5/R4zBf7Am3g==",
        "dependencies": {
          "runtime.osx-x64.Microsoft.DotNet.ILCompiler": "10.0.11"
        }
      },
      "runtime.osx-x64.Microsoft.DotNet.ILCompiler": {
        "type": "Transitive",
        "resolved": "10.0.11",
        "contentHash": "Nf7MRJg0HZ4G7icNbW8T49O/9UU6x8XoUPffkk3Uh+r+mDAUFHkhIptUc0wDdIRrouJrLt0IJp0LiaQJUB7DbA=="
      }
    },
    "net10.0/win-arm64": {
      "Microsoft.DotNet.ILCompiler": {
        "type": "Direct",
        "requested": "[10.0.11, )",
        "resolved": "10.0.11",
        "contentHash": "yloFUsIQOzspIsn2cDHrbgikKaWHAZspzj0EWxnWJJpFC89IBW64OXgCECsrrnzGWQvy1iLX9r5/R4zBf7Am3g==",
        "dependencies": {
          "runtime.win-arm64.Microsoft.DotNet.ILCompiler": "10.0.11"
        }
      },
      "runtime.win-arm64.Microsoft.DotNet.ILCompiler": {
        "type": "Transitive",
        "resolved": "10.0.11",
        "contentHash": "vy/AJM7NafhIa+4EsJrh//5Ba3HW3purZh+KR0Bpt/R20w3s06ZrUsdwHywUs+5E7PfEtbXBcLlebKFusSLBkQ=="
      }
    },
    "net10.0/win-x64": {
      "Microsoft.DotNet.ILCompiler": {
        "type": "Direct",
        "requested": "[10.0.11, )",
        "resolved": "10.0.11",
        "contentHash": "yloFUsIQOzspIsn2cDHrbgikKaWHAZspzj0EWxnWJJpFC89IBW64OXgCECsrrnzGWQvy1iLX9r5/R4zBf7Am3g==",
        "dependencies": {
          "runtime.win-x64.Microsoft.DotNet.ILCompiler": "10.0.11"
        }
      },
      "runtime.win-x64.Microsoft.DotNet.ILCompiler": {
        "type": "Transitive",
        "resolved": "10.0.11",
        "contentHash": "D6ZKMo3NeTnos7l5S8bMmiPm4LK+y15Q/uduyPw7FX+xKbeWVWdwlcZGkLLPjLvW4ZO6o3ACanq5HsSXJgrt0g=="
      }
    }
  }
}